// !$*UTF8*$!
{
	archiveVersion = 1;
	classes = {
	};
	objectVersion = 46;
	objects = {

/* Begin PBXBuildFile section */
		AE1E8F3A18A31B7A0072D7D9 /* EPPZPerspective.m in Sources */ = {isa = PBXBuildFile; fileRef = AE1E8F3918A31B7A0072D7D9 /* EPPZPerspective.m */; };
		AE1E8F4318A32D850072D7D9 /* EPPZTransition_0.0.2.gif in Resources */ = {isa = PBXBuildFile; fileRef = AE1E8F4118A32D850072D7D9 /* EPPZTransition_0.0.2.gif */; };
		AE1E8F4418A32D850072D7D9 /* EPPZTransition_0.0.2.mov in Resources */ = {isa = PBXBuildFile; fileRef = AE1E8F4218A32D850072D7D9 /* EPPZTransition_0.0.2.mov */; };
		AE93059D18A2CBB000A22777 /* Foundation.framework in Frameworks */ = {isa = PBXBuildFile; fileRef = AE93059C18A2CBB000A22777 /* Foundation.framework */; };
		AE93059F18A2CBB000A22777 /* CoreGraphics.framework in Frameworks */ = {isa = PBXBuildFile; fileRef = AE93059E18A2CBB000A22777 /* CoreGraphics.framework */; };
		AE9305A118A2CBB000A22777 /* UIKit.framework in Frameworks */ = {isa = PBXBuildFile; fileRef = AE9305A018A2CBB000A22777 /* UIKit.framework */; };
		AE9305A718A2CBB000A22777 /* InfoPlist.strings in Resources */ = {isa = PBXBuildFile; fileRef = AE9305A518A2CBB000A22777 /* InfoPlist.strings */; };
		AE9305A918A2CBB000A22777 /* main.m in Sources */ = {isa = PBXBuildFile; fileRef = AE9305A818A2CBB000A22777 /* main.m */; };
		AE9305AD18A2CBB000A22777 /* TRAppDelegate.m in Sources */ = {isa = PBXBuildFile; fileRef = AE9305AC18A2CBB000A22777 /* TRAppDelegate.m */; };
		AE9305B018A2CBB000A22777 /* Main_iPhone.storyboard in Resources */ = {isa = PBXBuildFile; fileRef = AE9305AE18A2CBB000A22777 /* Main_iPhone.storyboard */; };
		AE9305B818A2CBB000A22777 /* Images.xcassets in Resources */ = {isa = PBXBuildFile; fileRef = AE9305B718A2CBB000A22777 /* Images.xcassets */; };
		AE9305D718A2CBDF00A22777 /* TRYellowViewController.m in Sources */ = {isa = PBXBuildFile; fileRef = AE9305D518A2CBDF00A22777 /* TRYellowViewController.m */; };
		AE9305D818A2CBDF00A22777 /* TRYellowViewController.xib in Resources */ = {isa = PBXBuildFile; fileRef = AE9305D618A2CBDF00A22777 /* TRYellowViewController.xib */; };
		AE9305DC18A2CC0600A22777 /* TRTealViewController.m in Sources */ = {isa = PBXBuildFile; fileRef = AE9305DA18A2CC0600A22777 /* TRTealViewController.m */; };
		AE9305E218A2CDE300A22777 /* EPPZTransition.m in Sources */ = {isa = PBXBuildFile; fileRef = AE9305E118A2CDE300A22777 /* EPPZTransition.m */; };
		AE9305E618A2D4D100A22777 /* EPPZCrossFade.m in Sources */ = {isa = PBXBuildFile; fileRef = AE9305E518A2D4D100A22777 /* EPPZCrossFade.m */; };
		AE9305EC18A2EAC500A22777 /* EPPZPartialCover.m in Sources */ = {isa = PBXBuildFile; fileRef = AE9305EB18A2EAC500A22777 /* EPPZPartialCover.m */; };
		AE9305EF18A2FB5500A22777 /* TRViewController.m in Sources */ = {isa = PBXBuildFile; fileRef = AE9305EE18A2FB5500A22777 /* TRViewController.m */; };
		AE9305F118A2FB7900A22777 /* TRTealViewController.xib in Resources */ = {isa = PBXBuildFile; fileRef = AE9305F018A2FB7900A22777 /* TRTealViewController.xib */; };
		AE9305F418A2FC5200A22777 /* EPPZViewController.m in Sources */ = {isa = PBXBuildFile; fileRef = AE9305F318A2FC5200A22777 /* EPPZViewController.m */; };
		AE9305F718A2FDA300A22777 /* EPPZPush.m in Sources */ = {isa = PBXBuildFile; fileRef = AE9305F618A2FDA300A22777 /* EPPZPush.m */; };
		AE9305FA18A309A700A22777 /* README.md in Resources */ = {isa = PBXBuildFile; fileRef = AE9305F918A309A700A22777 /* README.md */; };
/* End PBXBuildFile section */

/* Begin PBXFileReference section */
		AE1E8F3818A31B7A0072D7D9 /* EPPZPerspective.h */ = {isa = PBXFileReference; fileEncoding = 4; lastKnownFileType = sourcecode.c.h; path = EPPZPerspective.h; sourceTree = "<group>"; };
		AE1E8F3918A31B7A0072D7D9 /* EPPZPerspective.m */ = {isa = PBXFileReference; fileEncoding = 4; lastKnownFileType = sourcecode.c.objc; path = EPPZPerspective.m; sourceTree = "<group>"; };
		AE1E8F4118A32D850072D7D9 /* EPPZTransition_0.0.2.gif */ = {isa = PBXFileReference; lastKnownFileType = image.gif; name = EPPZTransition_0.0.2.gif; path = Previews/EPPZTransition_0.0.2.gif; sourceTree = "<group>"; };
		AE1E8F4218A32D850072D7D9 /* EPPZTransition_0.0.2.mov */ = {isa = PBXFileReference; lastKnownFileType = video.quicktime; name = EPPZTransition_0.0.2.mov; path = Previews/EPPZTransition_0.0.2.mov; sourceTree = "<group>"; };
		AE93059918A2CBB000A22777 /* Transitions.app */ = {isa = PBXFileReference; explicitFileType = wrapper.application; includeInIndex = 0; path = Transitions.app; sourceTree = BUILT_PRODUCTS_DIR; };
		AE93059C18A2CBB000A22777 /* Foundation.framework */ = {isa = PBXFileReference; lastKnownFileType = wrapper.framework; name = Foundation.framework; path = System/Library/Frameworks/Foundation.framework; sourceTree = SDKROOT; };
		AE93059E18A2CBB000A22777 /* CoreGraphics.framework */ = {isa = PBXFileReference; lastKnownFileType = wrapper.framework; name = CoreGraphics.framework; path = System/Library/Frameworks/CoreGraphics.framework; sourceTree = SDKROOT; };
		AE9305A018A2CBB000A22777 /* UIKit.framework */ = {isa = PBXFileReference; lastKnownFileType = wrapper.framework; name = UIKit.framework; path = System/Library/Frameworks/UIKit.framework; sourceTree = SDKROOT; };
		AE9305A418A2CBB000A22777 /* Transitions-Info.plist */ = {isa = PBXFileReference; lastKnownFileType = text.plist.xml; path = "Transitions-Info.plist"; sourceTree = "<group>"; };
		AE9305A618A2CBB000A22777 /* en */ = {isa = PBXFileReference; lastKnownFileType = text.plist.strings; name = en; path = en.lproj/InfoPlist.strings; sourceTree = "<group>"; };
		AE9305A818A2CBB000A22777 /* main.m */ = {isa = PBXFileReference; lastKnownFileType = sourcecode.c.objc; path = main.m; sourceTree = "<group>"; };
		AE9305AA18A2CBB000A22777 /* Transitions-Prefix.pch */ = {isa = PBXFileReference; lastKnownFileType = sourcecode.c.h; path = "Transitions-Prefix.pch"; sourceTree = "<group>"; };
		AE9305AB18A2CBB000A22777 /* TRAppDelegate.h */ = {isa = PBXFileReference; lastKnownFileType = sourcecode.c.h; path = TRAppDelegate.h; sourceTree = "<group>"; };
		AE9305AC18A2CBB000A22777 /* TRAppDelegate.m */ = {isa = PBXFileReference; lastKnownFileType = sourcecode.c.objc; path = TRAppDelegate.m; sourceTree = "<group>"; };
		AE9305AF18A2CBB000A22777 /* Base */ = {isa = PBXFileReference; lastKnownFileType = file.storyboard; name = Base; path = Base.lproj/Main_iPhone.storyboard; sourceTree = "<group>"; };
		AE9305B718A2CBB000A22777 /* Images.xcassets */ = {isa = PBXFileReference; lastKnownFileType = folder.assetcatalog; path = Images.xcassets; sourceTree = "<group>"; };
		AE9305BE18A2CBB000A22777 /* XCTest.framework */ = {isa = PBXFileReference; lastKnownFileType = wrapper.framework; name = XCTest.framework; path = Library/Frameworks/XCTest.framework; sourceTree = DEVELOPER_DIR; };
		AE9305D418A2CBDF00A22777 /* TRYellowViewController.h */ = {isa = PBXFileReference; fileEncoding = 4; lastKnownFileType = sourcecode.c.h; path = TRYellowViewController.h; sourceTree = "<group>"; };
		AE9305D518A2CBDF00A22777 /* TRYellowViewController.m */ = {isa = PBXFileReference; fileEncoding = 4; lastKnownFileType = sourcecode.c.objc; path = TRYellowViewController.m; sourceTree = "<group>"; };
		AE9305D618A2CBDF00A22777 /* TRYellowViewController.xib */ = {isa = PBXFileReference; fileEncoding = 4; lastKnownFileType = file.xib; path = TRYellowViewController.xib; sourceTree = "<group>"; };
		AE9305D918A2CC0600A22777 /* TRTealViewController.h */ = {isa = PBXFileReference; fileEncoding = 4; lastKnownFileType = sourcecode.c.h; path = TRTealViewController.h; sourceTree = "<group>"; };
		AE9305DA18A2CC0600A22777 /* TRTealViewController.m */ = {isa = PBXFileReference; fileEncoding = 4; lastKnownFileType = sourcecode.c.objc; path = TRTealViewController.m; sourceTree = "<group>"; };
		AE9305E018A2CDE300A22777 /* EPPZTransition.h */ = {isa = PBXFileReference; fileEncoding = 4; lastKnownFileType = sourcecode.c.h; path = EPPZTransition.h; sourceTree = "<group>"; };
		AE9305E118A2CDE300A22777 /* EPPZTransition.m */ = {isa = PBXFileReference; fileEncoding = 4; lastKnownFileType = sourcecode.c.objc; path = EPPZTransition.m; sourceTree = "<group>"; };
		AE9305E418A2D4D100A22777 /* EPPZCrossFade.h */ = {isa = PBXFileReference; fileEncoding = 4; lastKnownFileType = sourcecode.c.h; path = EPPZCrossFade.h; sourceTree = "<group>"; };
		AE9305E518A2D4D100A22777 /* EPPZCrossFade.m */ = {isa = PBXFileReference; fileEncoding = 4; lastKnownFileType = sourcecode.c.objc; path = EPPZCrossFade.m; sourceTree = "<group>"; };
		AE9305EA18A2EAC500A22777 /* EPPZPartialCover.h */ = {isa = PBXFileReference; fileEncoding = 4; lastKnownFileType = sourcecode.c.h; path = EPPZPartialCover.h; sourceTree = "<group>"; };
		AE9305EB18A2EAC500A22777 /* EPPZPartialCover.m */ = {isa = PBXFileReference; fileEncoding = 4; lastKnownFileType = sourcecode.c.objc; path = EPPZPartialCover.m; sourceTree = "<group>"; };
		AE9305ED18A2FB5500A22777 /* TRViewController.h */ = {isa = PBXFileReference; fileEncoding = 4; lastKnownFileType = sourcecode.c.h; path = TRViewController.h; sourceTree = "<group>"; };
		AE9305EE18A2FB5500A22777 /* TRViewController.m */ = {isa = PBXFileReference; fileEncoding = 4; lastKnownFileType = sourcecode.c.objc; path = TRViewController.m; sourceTree = "<group>"; };
		AE9305F018A2FB7900A22777 /* TRTealViewController.xib */ = {isa = PBXFileReference; fileEncoding = 4; lastKnownFileType = file.xib; path = TRTealViewController.xib; sourceTree = "<group>"; };
		AE9305F218A2FC5200A22777 /* EPPZViewController.h */ = {isa = PBXFileReference; fileEncoding = 4; lastKnownFileType = sourcecode.c.h; path = EPPZViewController.h; sourceTree = "<group>"; };
		AE9305F318A2FC5200A22777 /* EPPZViewController.m */ = {isa = PBXFileReference; fileEncoding = 4; lastKnownFileType = sourcecode.c.objc; path = EPPZViewController.m; sourceTree = "<group>"; };
		AE9305F518A2FDA300A22777 /* EPPZPush.h */ = {isa = PBXFileReference; fileEncoding = 4; lastKnownFileType = sourcecode.c.h; path = EPPZPush.h; sourceTree = "<group>"; };
		AE9305F618A2FDA300A22777 /* EPPZPush.m */ = {isa = PBXFileReference; fileEncoding = 4; lastKnownFileType = sourcecode.c.objc; path = EPPZPush.m; sourceTree = "<group>"; };
		AE9305F918A309A700A22777 /* README.md */ = {isa = PBXFileReference; fileEncoding = 4; lastKnownFileType = text; path = README.md; sourceTree = "<group>"; };
/* End PBXFileReference section */

/* Begin PBXFrameworksBuildPhase section */
		AE93059618A2CBB000A22777 /* Frameworks */ = {
			isa = PBXFrameworksBuildPhase;
			buildActionMask = 2147483647;
			files = (
				AE93059F18A2CBB000A22777 /* CoreGraphics.framework in Frameworks */,
				AE9305A118A2CBB000A22777 /* UIKit.framework in Frameworks */,
				AE93059D18A2CBB000A22777 /* Foundation.framework in Frameworks */,
			);
			runOnlyForDeploymentPostprocessing = 0;
		};
/* End PBXFrameworksBuildPhase section */

/* Begin PBXGroup section */
		AE1E8F3B18A31B7D0072D7D9 /* 3D */ = {
			isa = PBXGroup;
			children = (
				AE1E8F3818A31B7A0072D7D9 /* EPPZPerspective.h */,
				AE1E8F3918A31B7A0072D7D9 /* EPPZPerspective.m */,
			);
			name = 3D;
			sourceTree = "<group>";
		};
		AE1E8F3C18A32D310072D7D9 /* Previews */ = {
			isa = PBXGroup;
			children = (
				AE1E8F4118A32D850072D7D9 /* EPPZTransition_0.0.2.gif */,
				AE1E8F4218A32D850072D7D9 /* EPPZTransition_0.0.2.mov */,
			);
			name = Previews;
			sourceTree = "<group>";
		};
		AE93059018A2CBB000A22777 = {
			isa = PBXGroup;
			children = (
				AE9305F918A309A700A22777 /* README.md */,
				AE1E8F3C18A32D310072D7D9 /* Previews */,
				AE9305A218A2CBB000A22777 /* Transitions */,
				AE93059B18A2CBB000A22777 /* Frameworks */,
				AE93059A18A2CBB000A22777 /* Products */,
			);
			sourceTree = "<group>";
		};
		AE93059A18A2CBB000A22777 /* Products */ = {
			isa = PBXGroup;
			children = (
				AE93059918A2CBB000A22777 /* Transitions.app */,
			);
			name = Products;
			sourceTree = "<group>";
		};
		AE93059B18A2CBB000A22777 /* Frameworks */ = {
			isa = PBXGroup;
			children = (
				AE93059C18A2CBB000A22777 /* Foundation.framework */,
				AE93059E18A2CBB000A22777 /* CoreGraphics.framework */,
				AE9305A018A2CBB000A22777 /* UIKit.framework */,
				AE9305BE18A2CBB000A22777 /* XCTest.framework */,
			);
			name = Frameworks;
			sourceTree = "<group>";
		};
		AE9305A218A2CBB000A22777 /* Transitions */ = {
			isa = PBXGroup;
			children = (
				AE9305AB18A2CBB000A22777 /* TRAppDelegate.h */,
				AE9305AC18A2CBB000A22777 /* TRAppDelegate.m */,
				AE9305ED18A2FB5500A22777 /* TRViewController.h */,
				AE9305EE18A2FB5500A22777 /* TRViewController.m */,
				AE9305AE18A2CBB000A22777 /* Main_iPhone.storyboard */,
				AE9305E818A2EA7A00A22777 /* View controllers */,
				AE9305E318A2D36500A22777 /* Transitions */,
				AE9305B718A2CBB000A22777 /* Images.xcassets */,
				AE9305A318A2CBB000A22777 /* Supporting Files */,
			);
			path = Transitions;
			sourceTree = "<group>";
		};
		AE9305A318A2CBB000A22777 /* Supporting Files */ = {
			isa = PBXGroup;
			children = (
				AE9305A418A2CBB000A22777 /* Transitions-Info.plist */,
				AE9305A518A2CBB000A22777 /* InfoPlist.strings */,
				AE9305A818A2CBB000A22777 /* main.m */,
				AE9305AA18A2CBB000A22777 /* Transitions-Prefix.pch */,
			);
			name = "Supporting Files";
			sourceTree = "<group>";
		};
		AE9305DE18A2CC1500A22777 /* Yellow */ = {
			isa = PBXGroup;
			children = (
				AE9305D418A2CBDF00A22777 /* TRYellowViewController.h */,
				AE9305D518A2CBDF00A22777 /* TRYellowViewController.m */,
				AE9305D618A2CBDF00A22777 /* TRYellowViewController.xib */,
			);
			name = Yellow;
			sourceTree = "<group>";
		};
		AE9305DF18A2CC1C00A22777 /* Teal */ = {
			isa = PBXGroup;
			children = (
				AE9305D918A2CC0600A22777 /* TRTealViewController.h */,
				AE9305DA18A2CC0600A22777 /* TRTealViewController.m */,
				AE9305F018A2FB7900A22777 /* TRTealViewController.xib */,
			);
			name = Teal;
			sourceTree = "<group>";
		};
		AE9305E318A2D36500A22777 /* Transitions */ = {
			isa = PBXGroup;
			children = (
				AE9305E018A2CDE300A22777 /* EPPZTransition.h */,
				AE9305E118A2CDE300A22777 /* EPPZTransition.m */,
				AE9305E718A2DD3800A22777 /* Cross fade */,
				AE9305E918A2EAAE00A22777 /* Partial slide */,
				AE9305F818A2FDA600A22777 /* Push */,
				AE1E8F3B18A31B7D0072D7D9 /* 3D */,
			);
			name = Transitions;
			sourceTree = "<group>";
		};
		AE9305E718A2DD3800A22777 /* Cross fade */ = {
			isa = PBXGroup;
			children = (
				AE9305E418A2D4D100A22777 /* EPPZCrossFade.h */,
				AE9305E518A2D4D100A22777 /* EPPZCrossFade.m */,
			);
			name = "Cross fade";
			sourceTree = "<group>";
		};
		AE9305E818A2EA7A00A22777 /* View controllers */ = {
			isa = PBXGroup;
			children = (
				AE9305F218A2FC5200A22777 /* EPPZViewController.h */,
				AE9305F318A2FC5200A22777 /* EPPZViewController.m */,
				AE9305DF18A2CC1C00A22777 /* Teal */,
				AE9305DE18A2CC1500A22777 /* Yellow */,
			);
			name = "View controllers";
			sourceTree = "<group>";
		};
		AE9305E918A2EAAE00A22777 /* Partial slide */ = {
			isa = PBXGroup;
			children = (
				AE9305EA18A2EAC500A22777 /* EPPZPartialCover.h */,
				AE9305EB18A2EAC500A22777 /* EPPZPartialCover.m */,
			);
			name = "Partial slide";
			sourceTree = "<group>";
		};
		AE9305F818A2FDA600A22777 /* Push */ = {
			isa = PBXGroup;
			children = (
				AE9305F518A2FDA300A22777 /* EPPZPush.h */,
				AE9305F618A2FDA300A22777 /* EPPZPush.m */,
			);
			name = Push;
			sourceTree = "<group>";
		};
/* End PBXGroup section */

/* Begin PBXNativeTarget section */
		AE93059818A2CBB000A22777 /* Transitions */ = {
			isa = PBXNativeTarget;
			buildConfigurationList = AE9305CE18A2CBB000A22777 /* Build configuration list for PBXNativeTarget "Transitions" */;
			buildPhases = (
				AE93059518A2CBB000A22777 /* Sources */,
				AE93059618A2CBB000A22777 /* Frameworks */,
				AE93059718A2CBB000A22777 /* Resources */,
			);
			buildRules = (
			);
			dependencies = (
			);
			name = Transitions;
			productName = Transitions;
			productReference = AE93059918A2CBB000A22777 /* Transitions.app */;
			productType = "com.apple.product-type.application";
		};
/* End PBXNativeTarget section */

/* Begin PBXProject section */
		AE93059118A2CBB000A22777 /* Project object */ = {
			isa = PBXProject;
			attributes = {
				CLASSPREFIX = TR;
				LastUpgradeCheck = 0500;
				ORGANIZATIONNAME = "eppz! development, LLC";
			};
			buildConfigurationList = AE93059418A2CBB000A22777 /* Build configuration list for PBXProject "Transitions" */;
			compatibilityVersion = "Xcode 3.2";
			developmentRegion = English;
			hasScannedForEncodings = 0;
			knownRegions = (
				en,
				Base,
			);
			mainGroup = AE93059018A2CBB000A22777;
			productRefGroup = AE93059A18A2CBB000A22777 /* Products */;
			projectDirPath = "";
			projectRoot = "";
			targets = (
				AE93059818A2CBB000A22777 /* Transitions */,
			);
		};
/* End PBXProject section */

/* Begin PBXResourcesBuildPhase section */
		AE93059718A2CBB000A22777 /* Resources */ = {
			isa = PBXResourcesBuildPhase;
			buildActionMask = 2147483647;
			files = (
				AE9305FA18A309A700A22777 /* README.md in Resources */,
				AE9305F118A2FB7900A22777 /* TRTealViewController.xib in Resources */,
				AE9305B818A2CBB000A22777 /* Images.xcassets in Resources */,
				AE1E8F4318A32D850072D7D9 /* EPPZTransition_0.0.2.gif in Resources */,
				AE9305B018A2CBB000A22777 /* Main_iPhone.storyboard in Resources */,
				AE9305D818A2CBDF00A22777 /* TRYellowViewController.xib in Resources */,
				AE1E8F4418A32D850072D7D9 /* EPPZTransition_0.0.2.mov in Resources */,
				AE9305A718A2CBB000A22777 /* InfoPlist.strings in Resources */,
			);
			runOnlyForDeploymentPostprocessing = 0;
		};
/* End PBXResourcesBuildPhase section */

/* Begin PBXSourcesBuildPhase section */
		AE93059518A2CBB000A22777 /* Sources */ = {
			isa = PBXSourcesBuildPhase;
			buildActionMask = 2147483647;
			files = (
				AE9305E618A2D4D100A22777 /* EPPZCrossFade.m in Sources */,
				AE9305D718A2CBDF00A22777 /* TRYellowViewController.m in Sources */,
				AE1E8F3A18A31B7A0072D7D9 /* EPPZPerspective.m in Sources */,
				AE9305F718A2FDA300A22777 /* EPPZPush.m in Sources */,
				AE9305F418A2FC5200A22777 /* EPPZViewController.m in Sources */,
				AE9305EF18A2FB5500A22777 /* TRViewController.m in Sources */,
				AE9305EC18A2EAC500A22777 /* EPPZPartialCover.m in Sources */,
				AE9305AD18A2CBB000A22777 /* TRAppDelegate.m in Sources */,
				AE9305A918A2CBB000A22777 /* main.m in Sources */,
				AE9305DC18A2CC0600A22777 /* TRTealViewController.m in Sources */,
				AE9305E218A2CDE300A22777 /* EPPZTransition.m in Sources */,
			);
			runOnlyForDeploymentPostprocessing = 0;
		};
/* End PBXSourcesBuildPhase section */

/* Begin PBXVariantGroup section */
		AE9305A518A2CBB000A22777 /* InfoPlist.strings */ = {
			isa = PBXVariantGroup;
			children = (
				AE9305A618A2CBB000A22777 /* en */,
			);
			name = InfoPlist.strings;
			sourceTree = "<group>";
		};
		AE9305AE18A2CBB000A22777 /* Main_iPhone.storyboard */ = {
			isa = PBXVariantGroup;
			children = (
				AE9305AF18A2CBB000A22777 /* Base */,
			);
			name = Main_iPhone.storyboard;
			sourceTree = "<group>";
		};
/* End PBXVariantGroup section */

/* Begin XCBuildConfiguration section */
		AE9305CC18A2CBB000A22777 /* Debug */ = {
			isa = XCBuildConfiguration;
			buildSettings = {
				ALWAYS_SEARCH_USER_PATHS = NO;
				ARCHS = "$(ARCHS_STANDARD_INCLUDING_64_BIT)";
				CLANG_CXX_LANGUAGE_STANDARD = "gnu++0x";
				CLANG_CXX_LIBRARY = "libc++";
				CLANG_ENABLE_MODULES = YES;
				CLANG_ENABLE_OBJC_ARC = YES;
				CLANG_WARN_BOOL_CONVERSION = YES;
				CLANG_WARN_CONSTANT_CONVERSION = YES;
				CLANG_WARN_DIRECT_OBJC_ISA_USAGE = YES_ERROR;
				CLANG_WARN_EMPTY_BODY = YES;
				CLANG_WARN_ENUM_CONVERSION = YES;
				CLANG_WARN_INT_CONVERSION = YES;
				CLANG_WARN_OBJC_ROOT_CLASS = YES_ERROR;
				CLANG_WARN__DUPLICATE_METHOD_MATCH = YES;
				"CODE_SIGN_IDENTITY[sdk=iphoneos*]" = "iPhone Developer";
				COPY_PHASE_STRIP = NO;
				GCC_C_LANGUAGE_STANDARD = gnu99;
				GCC_DYNAMIC_NO_PIC = NO;
				GCC_OPTIMIZATION_LEVEL = 0;
				GCC_PREPROCESSOR_DEFINITIONS = (
					"DEBUG=1",
					"$(inherited)",
				);
				GCC_SYMBOLS_PRIVATE_EXTERN = NO;
				GCC_WARN_64_TO_32_BIT_CONVERSION = YES;
				GCC_WARN_ABOUT_RETURN_TYPE = YES_ERROR;
				GCC_WARN_UNDECLARED_SELECTOR = YES;
				GCC_WARN_UNINITIALIZED_AUTOS = YES;
				GCC_WARN_UNUSED_FUNCTION = YES;
				GCC_WARN_UNUSED_VARIABLE = YES;
				IPHONEOS_DEPLOYMENT_TARGET = 7.0;
				ONLY_ACTIVE_ARCH = YES;
				SDKROOT = iphoneos;
				TARGETED_DEVICE_FAMILY = "1,2";
			};
			name = Debug;
		};
		AE9305CD18A2CBB000A22777 /* Release */ = {
			isa = XCBuildConfiguration;
			buildSettings = {
				ALWAYS_SEARCH_USER_PATHS = NO;
				ARCHS = "$(ARCHS_STANDARD_INCLUDING_64_BIT)";
				CLANG_CXX_LANGUAGE_STANDARD = "gnu++0x";
				CLANG_CXX_LIBRARY = "libc++";
				CLANG_ENABLE_MODULES = YES;
				CLANG_ENABLE_OBJC_ARC = YES;
				CLANG_WARN_BOOL_CONVERSION = YES;
				CLANG_WARN_CONSTANT_CONVERSION = YES;
				CLANG_WARN_DIRECT_OBJC_ISA_USAGE = YES_ERROR;
				CLANG_WARN_EMPTY_BODY = YES;
				CLANG_WARN_ENUM_CONVERSION = YES;
				CLANG_WARN_INT_CONVERSION = YES;
				CLANG_WARN_OBJC_ROOT_CLASS = YES_ERROR;
				CLANG_WARN__DUPLICATE_METHOD_MATCH = YES;
				"CODE_SIGN_IDENTITY[sdk=iphoneos*]" = "iPhone Developer";
				COPY_PHASE_STRIP = YES;
				ENABLE_NS_ASSERTIONS = NO;
				GCC_C_LANGUAGE_STANDARD = gnu99;
				GCC_WARN_64_TO_32_BIT_CONVERSION = YES;
				GCC_WARN_ABOUT_RETURN_TYPE = YES_ERROR;
				GCC_WARN_UNDECLARED_SELECTOR = YES;
				GCC_WARN_UNINITIALIZED_AUTOS = YES;
				GCC_WARN_UNUSED_FUNCTION = YES;
				GCC_WARN_UNUSED_VARIABLE = YES;
				IPHONEOS_DEPLOYMENT_TARGET = 7.0;
				SDKROOT = iphoneos;
				TARGETED_DEVICE_FAMILY = "1,2";
				VALIDATE_PRODUCT = YES;
			};
			name = Release;
		};
		AE9305CF18A2CBB000A22777 /* Debug */ = {
			isa = XCBuildConfiguration;
			buildSettings = {
				ASSETCATALOG_COMPILER_APPICON_NAME = AppIcon;
				ASSETCATALOG_COMPILER_LAUNCHIMAGE_NAME = LaunchImage;
				GCC_PRECOMPILE_PREFIX_HEADER = YES;
				GCC_PREFIX_HEADER = "Transitions/Transitions-Prefix.pch";
				INFOPLIST_FILE = "Transitions/Transitions-Info.plist";
				PRODUCT_NAME = "$(TARGET_NAME)";
				TARGETED_DEVICE_FAMILY = 1;
				WRAPPER_EXTENSION = app;
			};
			name = Debug;
		};
		AE9305D018A2CBB000A22777 /* Release */ = {
			isa = XCBuildConfiguration;
			buildSettings = {
				ASSETCATALOG_COMPILER_APPICON_NAME = AppIcon;
				ASSETCATALOG_COMPILER_LAUNCHIMAGE_NAME = LaunchImage;
				GCC_PRECOMPILE_PREFIX_HEADER = YES;
				GCC_PREFIX_HEADER = "Transitions/Transitions-Prefix.pch";
				INFOPLIST_FILE = "Transitions/Transitions-Info.plist";
				PRODUCT_NAME = "$(TARGET_NAME)";
				TARGETED_DEVICE_FAMILY = 1;
				WRAPPER_EXTENSION = app;
			};
			name = Release;
		};
/* End XCBuildConfiguration section */

/* Begin XCConfigurationList section */
		AE93059418A2CBB000A22777 /* Build configuration list for PBXProject "Transitions" */ = {
			isa = XCConfigurationList;
			buildConfigurations = (
				AE9305CC18A2CBB000A22777 /* Debug */,
				AE9305CD18A2CBB000A22777 /* Release */,
			);
			defaultConfigurationIsVisible = 0;
			defaultConfigurationName = Release;
		};
		AE9305CE18A2CBB000A22777 /* Build configuration list for PBXNativeTarget "Transitions" */ = {
			isa = XCConfigurationList;
			buildConfigurations = (
				AE9305CF18A2CBB000A22777 /* Debug */,
				AE9305D018A2CBB000A22777 /* Release */,
			);
			defaultConfigurationIsVisible = 0;
			defaultConfigurationName = Release;
		};
/* End XCConfigurationList section */
	};
	rootObject = AE93059118A2CBB000A22777 /* Project object */;
}
